
Microsoft Visual Studio Solution File, Format Version 12.00
# Visual Studio Version 16
VisualStudioVersion = 16.0.30413.136
MinimumVisualStudioVersion = 10.0.40219.1
Project("{FAE04EC0-301F-11D3-BF4B-00C04F79EFBC}") = "VeterinariaAppWeb", "VeterinariaAppWeb\VeterinariaAppWeb.csproj", "{BF7B64B2-1941-4E3E-85FD-A7539309FF3F}"
EndProject
Global
	GlobalSection(SolutionConfigurationPlatforms) = preSolution
		Debug|Any CPU = Debug|Any CPU
		Release|Any CPU = Release|Any CPU
	EndGlobalSection
	GlobalSection(ProjectConfigurationPlatforms) = postSolution
		{BF7B64B2-1941-4E3E-85FD-A7539309FF3F}.Debug|Any CPU.ActiveCfg = Debug|Any CPU
		{BF7B64B2-1941-4E3E-85FD-A7539309FF3F}.Debug|Any CPU.Build.0 = Debug|Any CPU
		{BF7B64B2-1941-4E3E-85FD-A7539309FF3F}.Release|Any CPU.ActiveCfg = Release|Any CPU
		{BF7B64B2-1941-4E3E-85FD-A7539309FF3F}.Release|Any CPU.Build.0 = Release|Any CPU
	EndGlobalSection
	GlobalSection(SolutionProperties) = preSolution
		HideSolutionNode = FALSE
	EndGlobalSection
	GlobalSection(ExtensibilityGlobals) = postSolution
		SolutionGuid = {6B43DCE4-A87D-4CDD-B17A-6618FF484FB7}
	EndGlobalSection
EndGlobal
